
Microsoft Visual Studio Solution File, Format Version 12.00
# Visual Studio Version 16
VisualStudioVersion = 16.0.31205.134
MinimumVisualStudioVersion = 10.0.40219.1
Project("{8BC9CEB8-8B4A-11D0-8D11-00A0C91BC942}") = "Pelcear_Cristian_A4", "Pelcear_Cristian_A4.vcxproj", "{EF295ABE-08FD-4B48-8ADF-E023B1024796}"
EndProject
Global
	GlobalSection(SolutionConfigurationPlatforms) = preSolution
		Debug|x64 = Debug|x64
		Debug|x86 = Debug|x86
		Release|x64 = Release|x64
		Release|x86 = Release|x86
	EndGlobalSection
	GlobalSection(ProjectConfigurationPlatforms) = postSolution
		{EF295ABE-08FD-4B48-8ADF-E023B1024796}.Debug|x64.ActiveCfg = Debug|x64
		{EF295ABE-08FD-4B48-8ADF-E023B1024796}.Debug|x64.Build.0 = Debug|x64
		{EF295ABE-08FD-4B48-8ADF-E023B1024796}.Debug|x86.ActiveCfg = Debug|Win32
		{EF295ABE-08FD-4B48-8ADF-E023B1024796}.Debug|x86.Build.0 = Debug|Win32
		{EF295ABE-08FD-4B48-8ADF-E023B1024796}.Release|x64.ActiveCfg = Release|x64
		{EF295ABE-08FD-4B48-8ADF-E023B1024796}.Release|x64.Build.0 = Release|x64
		{EF295ABE-08FD-4B48-8ADF-E023B1024796}.Release|x86.ActiveCfg = Release|Win32
		{EF295ABE-08FD-4B48-8ADF-E023B1024796}.Release|x86.Build.0 = Release|Win32
	EndGlobalSection
	GlobalSection(SolutionProperties) = preSolution
		HideSolutionNode = FALSE
	EndGlobalSection
	GlobalSection(ExtensibilityGlobals) = postSolution
		SolutionGuid = {93EB3024-FFD7-4FDE-A177-8988966B9461}
	EndGlobalSection
EndGlobal
