
Microsoft Visual Studio Solution File, Format Version 12.00
# Visual Studio Version 16
VisualStudioVersion = 16.0.31205.134
MinimumVisualStudioVersion = 10.0.40219.1
Project("{8BC9CEB8-8B4A-11D0-8D11-00A0C91BC942}") = "OopRecap3", "OopRecap3.vcxproj", "{FFEE243D-75AC-492C-A57F-718C74137B6E}"
EndProject
Global
	GlobalSection(SolutionConfigurationPlatforms) = preSolution
		Debug|x64 = Debug|x64
		Debug|x86 = Debug|x86
		Release|x64 = Release|x64
		Release|x86 = Release|x86
	EndGlobalSection
	GlobalSection(ProjectConfigurationPlatforms) = postSolution
		{FFEE243D-75AC-492C-A57F-718C74137B6E}.Debug|x64.ActiveCfg = Debug|x64
		{FFEE243D-75AC-492C-A57F-718C74137B6E}.Debug|x64.Build.0 = Debug|x64
		{FFEE243D-75AC-492C-A57F-718C74137B6E}.Debug|x86.ActiveCfg = Debug|Win32
		{FFEE243D-75AC-492C-A57F-718C74137B6E}.Debug|x86.Build.0 = Debug|Win32
		{FFEE243D-75AC-492C-A57F-718C74137B6E}.Release|x64.ActiveCfg = Release|x64
		{FFEE243D-75AC-492C-A57F-718C74137B6E}.Release|x64.Build.0 = Release|x64
		{FFEE243D-75AC-492C-A57F-718C74137B6E}.Release|x86.ActiveCfg = Release|Win32
		{FFEE243D-75AC-492C-A57F-718C74137B6E}.Release|x86.Build.0 = Release|Win32
	EndGlobalSection
	GlobalSection(SolutionProperties) = preSolution
		HideSolutionNode = FALSE
	EndGlobalSection
	GlobalSection(ExtensibilityGlobals) = postSolution
		SolutionGuid = {E8B62979-72B5-49E6-B3D3-D6B8A6109CF3}
	EndGlobalSection
EndGlobal
